
Microsoft Visual Studio Solution File, Format Version 12.00
# Visual Studio Version 17
VisualStudioVersion = 17.3.32901.215
MinimumVisualStudioVersion = 10.0.40219.1
Project("{FAE04EC0-301F-11D3-BF4B-00C04F79EFBC}") = "queue 815", "queue 815\queue 815.csproj", "{6B2EE366-D086-4579-AC3C-D7E0843A96B9}"
EndProject
Global
	GlobalSection(SolutionConfigurationPlatforms) = preSolution
		Debug|Any CPU = Debug|Any CPU
		Release|Any CPU = Release|Any CPU
	EndGlobalSection
	GlobalSection(ProjectConfigurationPlatforms) = postSolution
		{6B2EE366-D086-4579-AC3C-D7E0843A96B9}.Debug|Any CPU.ActiveCfg = Debug|Any CPU
		{6B2EE366-D086-4579-AC3C-D7E0843A96B9}.Debug|Any CPU.Build.0 = Debug|Any CPU
		{6B2EE366-D086-4579-AC3C-D7E0843A96B9}.Release|Any CPU.ActiveCfg = Release|Any CPU
		{6B2EE366-D086-4579-AC3C-D7E0843A96B9}.Release|Any CPU.Build.0 = Release|Any CPU
	EndGlobalSection
	GlobalSection(SolutionProperties) = preSolution
		HideSolutionNode = FALSE
	EndGlobalSection
	GlobalSection(ExtensibilityGlobals) = postSolution
		SolutionGuid = {65D0C70B-BABD-40A8-AF78-7E5C0D54C628}
	EndGlobalSection
EndGlobal
